{
  "version": 4,
  "terraform_version": "1.7.5",
  "serial": 55,
  "lineage": "c3d4e5f6-a7b8-9012-cdef-ab3456789012",
  "outputs": {},
  "resources": [
    {
      "mode": "managed",
      "type": "aws_kinesis_stream",
      "name": "clickstream",
      "provider": "provider[\"registry.terraform.io/hashicorp/aws\"]",
      "instances": [
        {
          "schema_version": 1,
          "attributes": {
            "id": "clickstream-events",
            "arn": "arn:aws:kinesis:us-west-2:123456789012:stream/clickstream-events",
            "name": "clickstream-events",
            "shard_count": 4,
            "retention_period": 168,
            "tags": { "Name": "clickstream-events" }
          }
        }
      ]
    },
    {
      "mode": "managed",
      "type": "aws_kinesis_stream",
      "name": "transactions",
      "provider": "provider[\"registry.terraform.io/hashicorp/aws\"]",
      "instances": [
        {
          "schema_version": 1,
          "attributes": {
            "id": "transaction-events",
            "arn": "arn:aws:kinesis:us-west-2:123456789012:stream/transaction-events",
            "name": "transaction-events",
            "shard_count": 2,
            "retention_period": 168,
            "tags": { "Name": "transaction-events" }
          }
        }
      ]
    },
    {
      "mode": "managed",
      "type": "aws_kinesis_firehose_delivery_stream",
      "name": "clickstream_to_s3",
      "provider": "provider[\"registry.terraform.io/hashicorp/aws\"]",
      "instances": [
        {
          "schema_version": 1,
          "attributes": {
            "id": "arn:aws:firehose:us-west-2:123456789012:deliverystream/clickstream-to-s3",
            "arn": "arn:aws:firehose:us-west-2:123456789012:deliverystream/clickstream-to-s3",
            "name": "clickstream-to-s3",
            "tags": { "Name": "clickstream-firehose" }
          }
        }
      ]
    },
    {
      "mode": "managed",
      "type": "aws_lambda_function",
      "name": "clickstream_enricher",
      "provider": "provider[\"registry.terraform.io/hashicorp/aws\"]",
      "instances": [
        {
          "schema_version": 0,
          "attributes": {
            "id": "clickstream-enricher",
            "arn": "arn:aws:lambda:us-west-2:123456789012:function:clickstream-enricher",
            "function_name": "clickstream-enricher",
            "runtime": "python3.12",
            "handler": "enricher.handler",
            "memory_size": 1024,
            "timeout": 120,
            "tags": { "Name": "clickstream-enricher" }
          }
        }
      ]
    },
    {
      "mode": "managed",
      "type": "aws_lambda_function",
      "name": "fraud_detector",
      "provider": "provider[\"registry.terraform.io/hashicorp/aws\"]",
      "instances": [
        {
          "schema_version": 0,
          "attributes": {
            "id": "fraud-detector",
            "arn": "arn:aws:lambda:us-west-2:123456789012:function:fraud-detector",
            "function_name": "fraud-detector",
            "runtime": "python3.12",
            "handler": "detector.handler",
            "memory_size": 2048,
            "timeout": 60,
            "tags": { "Name": "fraud-detector" }
          }
        }
      ]
    },
    {
      "mode": "managed",
      "type": "aws_s3_bucket",
      "name": "raw_data",
      "provider": "provider[\"registry.terraform.io/hashicorp/aws\"]",
      "instances": [
        {
          "schema_version": 0,
          "attributes": {
            "id": "analytics-raw-data",
            "arn": "arn:aws:s3:::analytics-raw-data",
            "bucket": "analytics-raw-data",
            "tags": { "Name": "raw-data-lake" }
          }
        }
      ]
    },
    {
      "mode": "managed",
      "type": "aws_s3_bucket",
      "name": "processed_data",
      "provider": "provider[\"registry.terraform.io/hashicorp/aws\"]",
      "instances": [
        {
          "schema_version": 0,
          "attributes": {
            "id": "analytics-processed-data",
            "arn": "arn:aws:s3:::analytics-processed-data",
            "bucket": "analytics-processed-data",
            "tags": { "Name": "processed-data-lake" }
          }
        }
      ]
    },
    {
      "mode": "managed",
      "type": "aws_s3_bucket",
      "name": "athena_results",
      "provider": "provider[\"registry.terraform.io/hashicorp/aws\"]",
      "instances": [
        {
          "schema_version": 0,
          "attributes": {
            "id": "athena-query-results",
            "arn": "arn:aws:s3:::athena-query-results",
            "bucket": "athena-query-results",
            "tags": { "Name": "athena-results" }
          }
        }
      ]
    },
    {
      "mode": "managed",
      "type": "aws_glue_catalog_database",
      "name": "analytics",
      "provider": "provider[\"registry.terraform.io/hashicorp/aws\"]",
      "instances": [
        {
          "schema_version": 0,
          "attributes": {
            "id": "analytics_db",
            "arn": "arn:aws:glue:us-west-2:123456789012:database/analytics_db",
            "name": "analytics_db",
            "tags": { "Name": "analytics-catalog" }
          }
        }
      ]
    },
    {
      "mode": "managed",
      "type": "aws_glue_job",
      "name": "etl_clickstream",
      "provider": "provider[\"registry.terraform.io/hashicorp/aws\"]",
      "instances": [
        {
          "schema_version": 0,
          "attributes": {
            "id": "etl-clickstream",
            "arn": "arn:aws:glue:us-west-2:123456789012:job/etl-clickstream",
            "name": "etl-clickstream",
            "max_capacity": 10.0,
            "tags": { "Name": "etl-clickstream-job" }
          }
        }
      ]
    },
    {
      "mode": "managed",
      "type": "aws_glue_job",
      "name": "etl_transactions",
      "provider": "provider[\"registry.terraform.io/hashicorp/aws\"]",
      "instances": [
        {
          "schema_version": 0,
          "attributes": {
            "id": "etl-transactions",
            "arn": "arn:aws:glue:us-west-2:123456789012:job/etl-transactions",
            "name": "etl-transactions",
            "max_capacity": 5.0,
            "tags": { "Name": "etl-transactions-job" }
          }
        }
      ]
    },
    {
      "mode": "managed",
      "type": "aws_athena_workgroup",
      "name": "analytics",
      "provider": "provider[\"registry.terraform.io/hashicorp/aws\"]",
      "instances": [
        {
          "schema_version": 0,
          "attributes": {
            "id": "analytics-workgroup",
            "arn": "arn:aws:athena:us-west-2:123456789012:workgroup/analytics-workgroup",
            "name": "analytics-workgroup",
            "tags": { "Name": "analytics-athena" }
          }
        }
      ]
    },
    {
      "mode": "managed",
      "type": "aws_redshift_cluster",
      "name": "warehouse",
      "provider": "provider[\"registry.terraform.io/hashicorp/aws\"]",
      "instances": [
        {
          "schema_version": 0,
          "attributes": {
            "id": "analytics-warehouse",
            "arn": "arn:aws:redshift:us-west-2:123456789012:cluster:analytics-warehouse",
            "cluster_identifier": "analytics-warehouse",
            "node_type": "ra3.xlplus",
            "number_of_nodes": 3,
            "database_name": "analytics",
            "tags": { "Name": "analytics-warehouse" }
          }
        }
      ]
    },
    {
      "mode": "managed",
      "type": "aws_dynamodb_table",
      "name": "fraud_alerts",
      "provider": "provider[\"registry.terraform.io/hashicorp/aws\"]",
      "instances": [
        {
          "schema_version": 1,
          "attributes": {
            "id": "fraud-alerts",
            "arn": "arn:aws:dynamodb:us-west-2:123456789012:table/fraud-alerts",
            "name": "fraud-alerts",
            "billing_mode": "PAY_PER_REQUEST",
            "hash_key": "alert_id",
            "tags": { "Name": "fraud-alerts" }
          }
        }
      ]
    },
    {
      "mode": "managed",
      "type": "aws_sns_topic",
      "name": "fraud_alerts",
      "provider": "provider[\"registry.terraform.io/hashicorp/aws\"]",
      "instances": [
        {
          "schema_version": 0,
          "attributes": {
            "id": "arn:aws:sns:us-west-2:123456789012:fraud-alerts",
            "arn": "arn:aws:sns:us-west-2:123456789012:fraud-alerts",
            "name": "fraud-alerts",
            "tags": { "Name": "fraud-alerts-topic" }
          }
        }
      ]
    },
    {
      "mode": "managed",
      "type": "aws_sqs_queue",
      "name": "etl_trigger",
      "provider": "provider[\"registry.terraform.io/hashicorp/aws\"]",
      "instances": [
        {
          "schema_version": 0,
          "attributes": {
            "id": "https://sqs.us-west-2.amazonaws.com/123456789012/etl-trigger-queue",
            "arn": "arn:aws:sqs:us-west-2:123456789012:etl-trigger-queue",
            "name": "etl-trigger-queue",
            "tags": { "Name": "etl-trigger-queue" }
          }
        }
      ]
    },
    {
      "mode": "managed",
      "type": "aws_sfn_state_machine",
      "name": "etl_pipeline",
      "provider": "provider[\"registry.terraform.io/hashicorp/aws\"]",
      "instances": [
        {
          "schema_version": 0,
          "attributes": {
            "id": "arn:aws:states:us-west-2:123456789012:stateMachine:etl-pipeline",
            "arn": "arn:aws:states:us-west-2:123456789012:stateMachine:etl-pipeline",
            "name": "etl-pipeline",
            "tags": { "Name": "etl-pipeline-orchestrator" }
          }
        }
      ]
    },
    {
      "mode": "managed",
      "type": "aws_cloudwatch_log_group",
      "name": "pipeline_logs",
      "provider": "provider[\"registry.terraform.io/hashicorp/aws\"]",
      "instances": [
        {
          "schema_version": 0,
          "attributes": {
            "id": "/aws/data-pipeline/logs",
            "arn": "arn:aws:logs:us-west-2:123456789012:log-group:/aws/data-pipeline/logs",
            "name": "/aws/data-pipeline/logs",
            "retention_in_days": 30,
            "tags": { "Name": "pipeline-logs" }
          }
        }
      ]
    },
    {
      "mode": "managed",
      "type": "aws_cloudwatch_metric_alarm",
      "name": "stream_lag",
      "provider": "provider[\"registry.terraform.io/hashicorp/aws\"]",
      "instances": [
        {
          "schema_version": 1,
          "attributes": {
            "id": "kinesis-stream-lag",
            "arn": "arn:aws:cloudwatch:us-west-2:123456789012:alarm:kinesis-stream-lag",
            "alarm_name": "kinesis-stream-lag",
            "tags": { "Name": "stream-lag-alarm" }
          }
        }
      ]
    }
  ]
}
