{
  "version": 4,
  "terraform_version": "1.7.5",
  "serial": 91,
  "lineage": "d4e5f6a7-b8c9-0123-defa-bc4567890123",
  "outputs": {},
  "resources": [
    {
      "mode": "managed",
      "type": "aws_vpc",
      "name": "main",
      "provider": "provider[\"registry.terraform.io/hashicorp/aws\"]",
      "instances": [
        {
          "schema_version": 1,
          "attributes": {
            "id": "vpc-0eks123456789",
            "arn": "arn:aws:ec2:us-west-2:123456789012:vpc/vpc-0eks123456789",
            "cidr_block": "10.10.0.0/16",
            "tags": { "Name": "eks-production-vpc" }
          }
        }
      ]
    },
    {
      "mode": "managed",
      "type": "aws_nat_gateway",
      "name": "az_a",
      "provider": "provider[\"registry.terraform.io/hashicorp/aws\"]",
      "instances": [
        {
          "schema_version": 0,
          "attributes": {
            "id": "nat-0eks111222333",
            "tags": { "Name": "nat-gateway-a" }
          }
        }
      ]
    },
    {
      "mode": "managed",
      "type": "aws_nat_gateway",
      "name": "az_b",
      "provider": "provider[\"registry.terraform.io/hashicorp/aws\"]",
      "instances": [
        {
          "schema_version": 0,
          "attributes": {
            "id": "nat-0eks444555666",
            "tags": { "Name": "nat-gateway-b" }
          }
        }
      ]
    },
    {
      "mode": "managed",
      "type": "aws_route53_zone",
      "name": "main",
      "provider": "provider[\"registry.terraform.io/hashicorp/aws\"]",
      "instances": [
        {
          "schema_version": 0,
          "attributes": {
            "id": "Z9876543210DEF",
            "arn": "arn:aws:route53:::hostedzone/Z9876543210DEF",
            "name": "platform.example.com",
            "tags": { "Name": "platform-dns" }
          }
        }
      ]
    },
    {
      "mode": "managed",
      "type": "aws_acm_certificate",
      "name": "wildcard",
      "provider": "provider[\"registry.terraform.io/hashicorp/aws\"]",
      "instances": [
        {
          "schema_version": 0,
          "attributes": {
            "id": "arn:aws:acm:us-west-2:123456789012:certificate/wild-card-cert",
            "arn": "arn:aws:acm:us-west-2:123456789012:certificate/wild-card-cert",
            "domain_name": "*.platform.example.com",
            "tags": { "Name": "wildcard-cert" }
          }
        }
      ]
    },
    {
      "mode": "managed",
      "type": "aws_lb",
      "name": "ingress",
      "provider": "provider[\"registry.terraform.io/hashicorp/aws\"]",
      "instances": [
        {
          "schema_version": 0,
          "attributes": {
            "id": "arn:aws:elasticloadbalancing:us-west-2:123456789012:loadbalancer/app/platform-ingress/abc123",
            "arn": "arn:aws:elasticloadbalancing:us-west-2:123456789012:loadbalancer/app/platform-ingress/abc123",
            "name": "platform-ingress",
            "load_balancer_type": "application",
            "tags": { "Name": "platform-ingress-alb" }
          }
        }
      ]
    },
    {
      "mode": "managed",
      "type": "aws_lb",
      "name": "internal",
      "provider": "provider[\"registry.terraform.io/hashicorp/aws\"]",
      "instances": [
        {
          "schema_version": 0,
          "attributes": {
            "id": "arn:aws:elasticloadbalancing:us-west-2:123456789012:loadbalancer/net/platform-internal/def456",
            "arn": "arn:aws:elasticloadbalancing:us-west-2:123456789012:loadbalancer/net/platform-internal/def456",
            "name": "platform-internal",
            "load_balancer_type": "network",
            "internal": true,
            "tags": { "Name": "platform-internal-nlb" }
          }
        }
      ]
    },
    {
      "mode": "managed",
      "type": "aws_eks_cluster",
      "name": "main",
      "provider": "provider[\"registry.terraform.io/hashicorp/aws\"]",
      "instances": [
        {
          "schema_version": 1,
          "attributes": {
            "id": "platform-cluster",
            "arn": "arn:aws:eks:us-west-2:123456789012:cluster/platform-cluster",
            "name": "platform-cluster",
            "version": "1.29",
            "tags": { "Name": "platform-eks" }
          }
        }
      ]
    },
    {
      "mode": "managed",
      "type": "aws_eks_node_group",
      "name": "general",
      "provider": "provider[\"registry.terraform.io/hashicorp/aws\"]",
      "instances": [
        {
          "schema_version": 0,
          "attributes": {
            "id": "platform-cluster:general-nodes",
            "arn": "arn:aws:eks:us-west-2:123456789012:nodegroup/platform-cluster/general-nodes/abc123",
            "node_group_name": "general-nodes",
            "instance_types": ["m6i.xlarge"],
            "scaling_config": [{ "desired_size": 5, "min_size": 3, "max_size": 10 }],
            "tags": { "Name": "general-node-group" }
          }
        }
      ]
    },
    {
      "mode": "managed",
      "type": "aws_eks_node_group",
      "name": "gpu",
      "provider": "provider[\"registry.terraform.io/hashicorp/aws\"]",
      "instances": [
        {
          "schema_version": 0,
          "attributes": {
            "id": "platform-cluster:gpu-nodes",
            "arn": "arn:aws:eks:us-west-2:123456789012:nodegroup/platform-cluster/gpu-nodes/def456",
            "node_group_name": "gpu-nodes",
            "instance_types": ["g5.xlarge"],
            "scaling_config": [{ "desired_size": 2, "min_size": 0, "max_size": 6 }],
            "tags": { "Name": "gpu-node-group" }
          }
        }
      ]
    },
    {
      "mode": "managed",
      "type": "aws_ecr_repository",
      "name": "user_service",
      "provider": "provider[\"registry.terraform.io/hashicorp/aws\"]",
      "instances": [
        {
          "schema_version": 0,
          "attributes": {
            "id": "platform/user-service",
            "arn": "arn:aws:ecr:us-west-2:123456789012:repository/platform/user-service",
            "name": "platform/user-service",
            "tags": { "Name": "user-service-repo" }
          }
        }
      ]
    },
    {
      "mode": "managed",
      "type": "aws_ecr_repository",
      "name": "order_service",
      "provider": "provider[\"registry.terraform.io/hashicorp/aws\"]",
      "instances": [
        {
          "schema_version": 0,
          "attributes": {
            "id": "platform/order-service",
            "arn": "arn:aws:ecr:us-west-2:123456789012:repository/platform/order-service",
            "name": "platform/order-service",
            "tags": { "Name": "order-service-repo" }
          }
        }
      ]
    },
    {
      "mode": "managed",
      "type": "aws_ecr_repository",
      "name": "ml_service",
      "provider": "provider[\"registry.terraform.io/hashicorp/aws\"]",
      "instances": [
        {
          "schema_version": 0,
          "attributes": {
            "id": "platform/ml-service",
            "arn": "arn:aws:ecr:us-west-2:123456789012:repository/platform/ml-service",
            "name": "platform/ml-service",
            "tags": { "Name": "ml-service-repo" }
          }
        }
      ]
    },
    {
      "mode": "managed",
      "type": "aws_rds_cluster",
      "name": "users_db",
      "provider": "provider[\"registry.terraform.io/hashicorp/aws\"]",
      "instances": [
        {
          "schema_version": 0,
          "attributes": {
            "id": "platform-users-db",
            "arn": "arn:aws:rds:us-west-2:123456789012:cluster:platform-users-db",
            "cluster_identifier": "platform-users-db",
            "engine": "aurora-postgresql",
            "engine_version": "15.4",
            "tags": { "Name": "users-aurora-cluster" }
          }
        }
      ]
    },
    {
      "mode": "managed",
      "type": "aws_dynamodb_table",
      "name": "orders",
      "provider": "provider[\"registry.terraform.io/hashicorp/aws\"]",
      "instances": [
        {
          "schema_version": 1,
          "attributes": {
            "id": "platform-orders",
            "arn": "arn:aws:dynamodb:us-west-2:123456789012:table/platform-orders",
            "name": "platform-orders",
            "billing_mode": "PAY_PER_REQUEST",
            "hash_key": "order_id",
            "tags": { "Name": "orders-table" }
          }
        }
      ]
    },
    {
      "mode": "managed",
      "type": "aws_elasticache_replication_group",
      "name": "sessions",
      "provider": "provider[\"registry.terraform.io/hashicorp/aws\"]",
      "instances": [
        {
          "schema_version": 1,
          "attributes": {
            "id": "platform-redis",
            "arn": "arn:aws:elasticache:us-west-2:123456789012:replicationgroup:platform-redis",
            "replication_group_id": "platform-redis",
            "engine": "redis",
            "node_type": "cache.r7g.large",
            "num_cache_clusters": 3,
            "tags": { "Name": "platform-redis" }
          }
        }
      ]
    },
    {
      "mode": "managed",
      "type": "aws_s3_bucket",
      "name": "ml_models",
      "provider": "provider[\"registry.terraform.io/hashicorp/aws\"]",
      "instances": [
        {
          "schema_version": 0,
          "attributes": {
            "id": "platform-ml-models",
            "arn": "arn:aws:s3:::platform-ml-models",
            "bucket": "platform-ml-models",
            "tags": { "Name": "ml-models-bucket" }
          }
        }
      ]
    },
    {
      "mode": "managed",
      "type": "aws_s3_bucket",
      "name": "app_assets",
      "provider": "provider[\"registry.terraform.io/hashicorp/aws\"]",
      "instances": [
        {
          "schema_version": 0,
          "attributes": {
            "id": "platform-app-assets",
            "arn": "arn:aws:s3:::platform-app-assets",
            "bucket": "platform-app-assets",
            "tags": { "Name": "app-assets-bucket" }
          }
        }
      ]
    },
    {
      "mode": "managed",
      "type": "aws_sqs_queue",
      "name": "order_events",
      "provider": "provider[\"registry.terraform.io/hashicorp/aws\"]",
      "instances": [
        {
          "schema_version": 0,
          "attributes": {
            "id": "https://sqs.us-west-2.amazonaws.com/123456789012/order-events",
            "arn": "arn:aws:sqs:us-west-2:123456789012:order-events",
            "name": "order-events",
            "tags": { "Name": "order-events-queue" }
          }
        }
      ]
    },
    {
      "mode": "managed",
      "type": "aws_sns_topic",
      "name": "platform_alerts",
      "provider": "provider[\"registry.terraform.io/hashicorp/aws\"]",
      "instances": [
        {
          "schema_version": 0,
          "attributes": {
            "id": "arn:aws:sns:us-west-2:123456789012:platform-alerts",
            "arn": "arn:aws:sns:us-west-2:123456789012:platform-alerts",
            "name": "platform-alerts",
            "tags": { "Name": "platform-alerts" }
          }
        }
      ]
    },
    {
      "mode": "managed",
      "type": "aws_cognito_user_pool",
      "name": "platform",
      "provider": "provider[\"registry.terraform.io/hashicorp/aws\"]",
      "instances": [
        {
          "schema_version": 0,
          "attributes": {
            "id": "us-west-2_PlAtFoRm",
            "arn": "arn:aws:cognito-idp:us-west-2:123456789012:userpool/us-west-2_PlAtFoRm",
            "name": "platform-users",
            "tags": { "Name": "platform-auth" }
          }
        }
      ]
    },
    {
      "mode": "managed",
      "type": "aws_wafv2_web_acl",
      "name": "ingress",
      "provider": "provider[\"registry.terraform.io/hashicorp/aws\"]",
      "instances": [
        {
          "schema_version": 0,
          "attributes": {
            "id": "waf-platform-ingress",
            "arn": "arn:aws:wafv2:us-west-2:123456789012:regional/webacl/platform-waf/xyz789",
            "name": "platform-waf",
            "tags": { "Name": "platform-waf" }
          }
        }
      ]
    },
    {
      "mode": "managed",
      "type": "aws_kms_key",
      "name": "platform",
      "provider": "provider[\"registry.terraform.io/hashicorp/aws\"]",
      "instances": [
        {
          "schema_version": 0,
          "attributes": {
            "id": "key-platform-master",
            "arn": "arn:aws:kms:us-west-2:123456789012:key/key-platform-master",
            "description": "Platform master encryption key",
            "tags": { "Name": "platform-kms" }
          }
        }
      ]
    },
    {
      "mode": "managed",
      "type": "aws_cloudwatch_log_group",
      "name": "eks_cluster",
      "provider": "provider[\"registry.terraform.io/hashicorp/aws\"]",
      "instances": [
        {
          "schema_version": 0,
          "attributes": {
            "id": "/aws/eks/platform-cluster/cluster",
            "arn": "arn:aws:logs:us-west-2:123456789012:log-group:/aws/eks/platform-cluster/cluster",
            "name": "/aws/eks/platform-cluster/cluster",
            "retention_in_days": 90,
            "tags": { "Name": "eks-cluster-logs" }
          }
        }
      ]
    },
    {
      "mode": "managed",
      "type": "aws_cloudtrail",
      "name": "platform",
      "provider": "provider[\"registry.terraform.io/hashicorp/aws\"]",
      "instances": [
        {
          "schema_version": 0,
          "attributes": {
            "id": "platform-audit-trail",
            "arn": "arn:aws:cloudtrail:us-west-2:123456789012:trail/platform-audit-trail",
            "name": "platform-audit-trail",
            "is_multi_region_trail": true,
            "tags": { "Name": "platform-cloudtrail" }
          }
        }
      ]
    },
    {
      "mode": "managed",
      "type": "aws_codepipeline",
      "name": "platform_ci",
      "provider": "provider[\"registry.terraform.io/hashicorp/aws\"]",
      "instances": [
        {
          "schema_version": 0,
          "attributes": {
            "id": "platform-ci-pipeline",
            "arn": "arn:aws:codepipeline:us-west-2:123456789012:platform-ci-pipeline",
            "name": "platform-ci-pipeline",
            "tags": { "Name": "platform-ci" }
          }
        }
      ]
    },
    {
      "mode": "managed",
      "type": "aws_codebuild_project",
      "name": "build_and_test",
      "provider": "provider[\"registry.terraform.io/hashicorp/aws\"]",
      "instances": [
        {
          "schema_version": 0,
          "attributes": {
            "id": "platform-build",
            "arn": "arn:aws:codebuild:us-west-2:123456789012:project/platform-build",
            "name": "platform-build",
            "tags": { "Name": "platform-codebuild" }
          }
        }
      ]
    }
  ]
}
