{
  "version": 4,
  "terraform_version": "1.7.5",
  "serial": 18,
  "lineage": "b2c3d4e5-f6a7-8901-bcde-fa2345678901",
  "outputs": {
    "api_url": {
      "value": "https://abc123.execute-api.us-east-1.amazonaws.com/prod",
      "type": "string"
    }
  },
  "resources": [
    {
      "mode": "managed",
      "type": "aws_api_gateway_rest_api",
      "name": "main",
      "provider": "provider[\"registry.terraform.io/hashicorp/aws\"]",
      "instances": [
        {
          "schema_version": 0,
          "attributes": {
            "id": "abc123xyz",
            "arn": "arn:aws:apigateway:us-east-1::/restapis/abc123xyz",
            "name": "orders-api",
            "tags": { "Name": "orders-api" }
          }
        }
      ]
    },
    {
      "mode": "managed",
      "type": "aws_lambda_function",
      "name": "create_order",
      "provider": "provider[\"registry.terraform.io/hashicorp/aws\"]",
      "instances": [
        {
          "schema_version": 0,
          "attributes": {
            "id": "create-order",
            "arn": "arn:aws:lambda:us-east-1:123456789012:function:create-order",
            "function_name": "create-order",
            "runtime": "nodejs20.x",
            "handler": "handlers/create.handler",
            "memory_size": 256,
            "timeout": 30,
            "tags": { "Name": "create-order" }
          }
        }
      ]
    },
    {
      "mode": "managed",
      "type": "aws_lambda_function",
      "name": "get_order",
      "provider": "provider[\"registry.terraform.io/hashicorp/aws\"]",
      "instances": [
        {
          "schema_version": 0,
          "attributes": {
            "id": "get-order",
            "arn": "arn:aws:lambda:us-east-1:123456789012:function:get-order",
            "function_name": "get-order",
            "runtime": "nodejs20.x",
            "handler": "handlers/get.handler",
            "memory_size": 128,
            "timeout": 10,
            "tags": { "Name": "get-order" }
          }
        }
      ]
    },
    {
      "mode": "managed",
      "type": "aws_lambda_function",
      "name": "process_payment",
      "provider": "provider[\"registry.terraform.io/hashicorp/aws\"]",
      "instances": [
        {
          "schema_version": 0,
          "attributes": {
            "id": "process-payment",
            "arn": "arn:aws:lambda:us-east-1:123456789012:function:process-payment",
            "function_name": "process-payment",
            "runtime": "python3.12",
            "handler": "payment.handler",
            "memory_size": 512,
            "timeout": 60,
            "tags": { "Name": "process-payment" }
          }
        }
      ]
    },
    {
      "mode": "managed",
      "type": "aws_lambda_function",
      "name": "send_notification",
      "provider": "provider[\"registry.terraform.io/hashicorp/aws\"]",
      "instances": [
        {
          "schema_version": 0,
          "attributes": {
            "id": "send-notification",
            "arn": "arn:aws:lambda:us-east-1:123456789012:function:send-notification",
            "function_name": "send-notification",
            "runtime": "python3.12",
            "handler": "notify.handler",
            "memory_size": 128,
            "timeout": 15,
            "tags": { "Name": "send-notification" }
          }
        }
      ]
    },
    {
      "mode": "managed",
      "type": "aws_dynamodb_table",
      "name": "orders",
      "provider": "provider[\"registry.terraform.io/hashicorp/aws\"]",
      "instances": [
        {
          "schema_version": 1,
          "attributes": {
            "id": "orders",
            "arn": "arn:aws:dynamodb:us-east-1:123456789012:table/orders",
            "name": "orders",
            "billing_mode": "PAY_PER_REQUEST",
            "hash_key": "order_id",
            "range_key": "created_at",
            "tags": { "Name": "orders-table" }
          }
        }
      ]
    },
    {
      "mode": "managed",
      "type": "aws_dynamodb_table",
      "name": "payments",
      "provider": "provider[\"registry.terraform.io/hashicorp/aws\"]",
      "instances": [
        {
          "schema_version": 1,
          "attributes": {
            "id": "payments",
            "arn": "arn:aws:dynamodb:us-east-1:123456789012:table/payments",
            "name": "payments",
            "billing_mode": "PAY_PER_REQUEST",
            "hash_key": "payment_id",
            "tags": { "Name": "payments-table" }
          }
        }
      ]
    },
    {
      "mode": "managed",
      "type": "aws_sqs_queue",
      "name": "order_processing",
      "provider": "provider[\"registry.terraform.io/hashicorp/aws\"]",
      "instances": [
        {
          "schema_version": 0,
          "attributes": {
            "id": "https://sqs.us-east-1.amazonaws.com/123456789012/order-processing",
            "arn": "arn:aws:sqs:us-east-1:123456789012:order-processing",
            "name": "order-processing",
            "visibility_timeout_seconds": 300,
            "tags": { "Name": "order-processing-queue" }
          }
        }
      ]
    },
    {
      "mode": "managed",
      "type": "aws_sqs_queue",
      "name": "dead_letter",
      "provider": "provider[\"registry.terraform.io/hashicorp/aws\"]",
      "instances": [
        {
          "schema_version": 0,
          "attributes": {
            "id": "https://sqs.us-east-1.amazonaws.com/123456789012/order-processing-dlq",
            "arn": "arn:aws:sqs:us-east-1:123456789012:order-processing-dlq",
            "name": "order-processing-dlq",
            "tags": { "Name": "order-processing-dlq" }
          }
        }
      ]
    },
    {
      "mode": "managed",
      "type": "aws_sns_topic",
      "name": "order_events",
      "provider": "provider[\"registry.terraform.io/hashicorp/aws\"]",
      "instances": [
        {
          "schema_version": 0,
          "attributes": {
            "id": "arn:aws:sns:us-east-1:123456789012:order-events",
            "arn": "arn:aws:sns:us-east-1:123456789012:order-events",
            "name": "order-events",
            "tags": { "Name": "order-events-topic" }
          }
        }
      ]
    },
    {
      "mode": "managed",
      "type": "aws_sfn_state_machine",
      "name": "order_workflow",
      "provider": "provider[\"registry.terraform.io/hashicorp/aws\"]",
      "instances": [
        {
          "schema_version": 0,
          "attributes": {
            "id": "arn:aws:states:us-east-1:123456789012:stateMachine:order-workflow",
            "arn": "arn:aws:states:us-east-1:123456789012:stateMachine:order-workflow",
            "name": "order-workflow",
            "tags": { "Name": "order-workflow" }
          }
        }
      ]
    },
    {
      "mode": "managed",
      "type": "aws_s3_bucket",
      "name": "invoices",
      "provider": "provider[\"registry.terraform.io/hashicorp/aws\"]",
      "instances": [
        {
          "schema_version": 0,
          "attributes": {
            "id": "orders-invoices-bucket",
            "arn": "arn:aws:s3:::orders-invoices-bucket",
            "bucket": "orders-invoices-bucket",
            "tags": { "Name": "invoices-bucket" }
          }
        }
      ]
    },
    {
      "mode": "managed",
      "type": "aws_cognito_user_pool",
      "name": "customers",
      "provider": "provider[\"registry.terraform.io/hashicorp/aws\"]",
      "instances": [
        {
          "schema_version": 0,
          "attributes": {
            "id": "us-east-1_xYzAbC789",
            "arn": "arn:aws:cognito-idp:us-east-1:123456789012:userpool/us-east-1_xYzAbC789",
            "name": "customer-pool",
            "tags": { "Name": "customer-auth" }
          }
        }
      ]
    },
    {
      "mode": "managed",
      "type": "aws_cloudwatch_log_group",
      "name": "api_logs",
      "provider": "provider[\"registry.terraform.io/hashicorp/aws\"]",
      "instances": [
        {
          "schema_version": 0,
          "attributes": {
            "id": "/aws/apigateway/orders-api",
            "arn": "arn:aws:logs:us-east-1:123456789012:log-group:/aws/apigateway/orders-api",
            "name": "/aws/apigateway/orders-api",
            "retention_in_days": 14,
            "tags": { "Name": "api-logs" }
          }
        }
      ]
    },
    {
      "mode": "managed",
      "type": "aws_kms_key",
      "name": "encryption",
      "provider": "provider[\"registry.terraform.io/hashicorp/aws\"]",
      "instances": [
        {
          "schema_version": 0,
          "attributes": {
            "id": "key-abc123-def456",
            "arn": "arn:aws:kms:us-east-1:123456789012:key/key-abc123-def456",
            "description": "Encryption key for order data",
            "tags": { "Name": "orders-encryption-key" }
          }
        }
      ]
    },
    {
      "mode": "managed",
      "type": "aws_secretsmanager_secret",
      "name": "stripe_key",
      "provider": "provider[\"registry.terraform.io/hashicorp/aws\"]",
      "instances": [
        {
          "schema_version": 0,
          "attributes": {
            "id": "arn:aws:secretsmanager:us-east-1:123456789012:secret:stripe-api-key-AbC123",
            "arn": "arn:aws:secretsmanager:us-east-1:123456789012:secret:stripe-api-key-AbC123",
            "name": "stripe-api-key",
            "tags": { "Name": "stripe-api-key" }
          }
        }
      ]
    }
  ]
}
