{
  "version": 4,
  "terraform_version": "1.7.5",
  "serial": 42,
  "lineage": "a1b2c3d4-e5f6-7890-abcd-ef1234567890",
  "outputs": {
    "alb_dns_name": {
      "value": "my-app-alb-123456789.us-west-2.elb.amazonaws.com",
      "type": "string"
    },
    "cloudfront_domain": {
      "value": "d1234abcdef.cloudfront.net",
      "type": "string"
    }
  },
  "resources": [
    {
      "mode": "managed",
      "type": "aws_vpc",
      "name": "main",
      "provider": "provider[\"registry.terraform.io/hashicorp/aws\"]",
      "instances": [
        {
          "schema_version": 1,
          "attributes": {
            "id": "vpc-0abc123def456789",
            "arn": "arn:aws:ec2:us-west-2:123456789012:vpc/vpc-0abc123def456789",
            "cidr_block": "10.0.0.0/16",
            "enable_dns_support": true,
            "enable_dns_hostnames": true,
            "tags": {
              "Name": "production-vpc",
              "Environment": "production"
            }
          }
        }
      ]
    },
    {
      "mode": "managed",
      "type": "aws_subnet",
      "name": "public_a",
      "provider": "provider[\"registry.terraform.io/hashicorp/aws\"]",
      "instances": [
        {
          "schema_version": 1,
          "attributes": {
            "id": "subnet-0aaa111bbb222ccc",
            "vpc_id": "vpc-0abc123def456789",
            "cidr_block": "10.0.1.0/24",
            "availability_zone": "us-west-2a",
            "tags": { "Name": "public-subnet-a" }
          }
        }
      ]
    },
    {
      "mode": "managed",
      "type": "aws_subnet",
      "name": "private_a",
      "provider": "provider[\"registry.terraform.io/hashicorp/aws\"]",
      "instances": [
        {
          "schema_version": 1,
          "attributes": {
            "id": "subnet-0ddd444eee555fff",
            "vpc_id": "vpc-0abc123def456789",
            "cidr_block": "10.0.10.0/24",
            "availability_zone": "us-west-2a",
            "tags": { "Name": "private-subnet-a" }
          }
        }
      ]
    },
    {
      "mode": "managed",
      "type": "aws_internet_gateway",
      "name": "main",
      "provider": "provider[\"registry.terraform.io/hashicorp/aws\"]",
      "instances": [
        {
          "schema_version": 0,
          "attributes": {
            "id": "igw-0abc123def456789",
            "arn": "arn:aws:ec2:us-west-2:123456789012:internet-gateway/igw-0abc123def456789",
            "vpc_id": "vpc-0abc123def456789",
            "tags": { "Name": "main-igw" }
          }
        }
      ]
    },
    {
      "mode": "managed",
      "type": "aws_nat_gateway",
      "name": "main",
      "provider": "provider[\"registry.terraform.io/hashicorp/aws\"]",
      "instances": [
        {
          "schema_version": 0,
          "attributes": {
            "id": "nat-0abc123def456789",
            "allocation_id": "eipalloc-0abc123",
            "subnet_id": "subnet-0aaa111bbb222ccc",
            "tags": { "Name": "main-nat-gateway" }
          }
        }
      ]
    },
    {
      "mode": "managed",
      "type": "aws_route53_zone",
      "name": "primary",
      "provider": "provider[\"registry.terraform.io/hashicorp/aws\"]",
      "instances": [
        {
          "schema_version": 0,
          "attributes": {
            "id": "Z1234567890ABC",
            "arn": "arn:aws:route53:::hostedzone/Z1234567890ABC",
            "name": "myapp.example.com",
            "tags": { "Name": "myapp-hosted-zone" }
          }
        }
      ]
    },
    {
      "mode": "managed",
      "type": "aws_cloudfront_distribution",
      "name": "main",
      "provider": "provider[\"registry.terraform.io/hashicorp/aws\"]",
      "instances": [
        {
          "schema_version": 1,
          "attributes": {
            "id": "E1234567890ABC",
            "arn": "arn:aws:cloudfront::123456789012:distribution/E1234567890ABC",
            "domain_name": "d1234abcdef.cloudfront.net",
            "enabled": true,
            "origin": [
              {
                "domain_name": "my-app-alb-123456789.us-west-2.elb.amazonaws.com",
                "origin_id": "alb-origin"
              },
              {
                "domain_name": "my-app-static-assets.s3.amazonaws.com",
                "origin_id": "s3-origin"
              }
            ],
            "tags": { "Name": "myapp-cdn" }
          }
        }
      ]
    },
    {
      "mode": "managed",
      "type": "aws_wafv2_web_acl",
      "name": "main",
      "provider": "provider[\"registry.terraform.io/hashicorp/aws\"]",
      "instances": [
        {
          "schema_version": 0,
          "attributes": {
            "id": "waf-acl-0abc123",
            "arn": "arn:aws:wafv2:us-west-2:123456789012:regional/webacl/myapp-waf/abc123",
            "name": "myapp-waf",
            "scope": "REGIONAL",
            "tags": { "Name": "myapp-waf" }
          }
        }
      ]
    },
    {
      "mode": "managed",
      "type": "aws_lb",
      "name": "main",
      "provider": "provider[\"registry.terraform.io/hashicorp/aws\"]",
      "instances": [
        {
          "schema_version": 0,
          "attributes": {
            "id": "arn:aws:elasticloadbalancing:us-west-2:123456789012:loadbalancer/app/my-app-alb/abc123",
            "arn": "arn:aws:elasticloadbalancing:us-west-2:123456789012:loadbalancer/app/my-app-alb/abc123",
            "name": "my-app-alb",
            "internal": false,
            "load_balancer_type": "application",
            "subnets": ["subnet-0aaa111bbb222ccc", "subnet-0bbb222ccc333ddd"],
            "security_groups": ["sg-0abc123"],
            "tags": { "Name": "myapp-alb" }
          }
        }
      ]
    },
    {
      "mode": "managed",
      "type": "aws_lb_target_group",
      "name": "app",
      "provider": "provider[\"registry.terraform.io/hashicorp/aws\"]",
      "instances": [
        {
          "schema_version": 0,
          "attributes": {
            "id": "arn:aws:elasticloadbalancing:us-west-2:123456789012:targetgroup/myapp-tg/abc123",
            "arn": "arn:aws:elasticloadbalancing:us-west-2:123456789012:targetgroup/myapp-tg/abc123",
            "name": "myapp-tg",
            "port": 8080,
            "protocol": "HTTP",
            "vpc_id": "vpc-0abc123def456789",
            "target_type": "ip",
            "tags": { "Name": "myapp-target-group" }
          }
        }
      ]
    },
    {
      "mode": "managed",
      "type": "aws_ecs_cluster",
      "name": "main",
      "provider": "provider[\"registry.terraform.io/hashicorp/aws\"]",
      "instances": [
        {
          "schema_version": 0,
          "attributes": {
            "id": "arn:aws:ecs:us-west-2:123456789012:cluster/myapp-cluster",
            "arn": "arn:aws:ecs:us-west-2:123456789012:cluster/myapp-cluster",
            "name": "myapp-cluster",
            "tags": { "Name": "myapp-ecs-cluster" }
          }
        }
      ]
    },
    {
      "mode": "managed",
      "type": "aws_ecs_service",
      "name": "web",
      "provider": "provider[\"registry.terraform.io/hashicorp/aws\"]",
      "instances": [
        {
          "schema_version": 0,
          "attributes": {
            "id": "arn:aws:ecs:us-west-2:123456789012:service/myapp-cluster/web-service",
            "arn": "arn:aws:ecs:us-west-2:123456789012:service/myapp-cluster/web-service",
            "name": "web-service",
            "cluster": "arn:aws:ecs:us-west-2:123456789012:cluster/myapp-cluster",
            "desired_count": 3,
            "launch_type": "FARGATE",
            "load_balancer": [
              {
                "target_group_arn": "arn:aws:elasticloadbalancing:us-west-2:123456789012:targetgroup/myapp-tg/abc123",
                "container_name": "web",
                "container_port": 8080
              }
            ],
            "network_configuration": [
              {
                "subnets": ["subnet-0ddd444eee555fff"],
                "security_groups": ["sg-0abc123"]
              }
            ],
            "tags": { "Name": "web-service" }
          }
        }
      ]
    },
    {
      "mode": "managed",
      "type": "aws_ecs_service",
      "name": "api",
      "provider": "provider[\"registry.terraform.io/hashicorp/aws\"]",
      "instances": [
        {
          "schema_version": 0,
          "attributes": {
            "id": "arn:aws:ecs:us-west-2:123456789012:service/myapp-cluster/api-service",
            "arn": "arn:aws:ecs:us-west-2:123456789012:service/myapp-cluster/api-service",
            "name": "api-service",
            "cluster": "arn:aws:ecs:us-west-2:123456789012:cluster/myapp-cluster",
            "desired_count": 2,
            "launch_type": "FARGATE",
            "load_balancer": [],
            "tags": { "Name": "api-service" }
          }
        }
      ]
    },
    {
      "mode": "managed",
      "type": "aws_ecs_task_definition",
      "name": "web",
      "provider": "provider[\"registry.terraform.io/hashicorp/aws\"]",
      "instances": [
        {
          "schema_version": 1,
          "attributes": {
            "id": "arn:aws:ecs:us-west-2:123456789012:task-definition/web:5",
            "arn": "arn:aws:ecs:us-west-2:123456789012:task-definition/web:5",
            "family": "web",
            "cpu": "512",
            "memory": "1024",
            "tags": { "Name": "web-task-def" }
          }
        }
      ]
    },
    {
      "mode": "managed",
      "type": "aws_ecr_repository",
      "name": "web",
      "provider": "provider[\"registry.terraform.io/hashicorp/aws\"]",
      "instances": [
        {
          "schema_version": 0,
          "attributes": {
            "id": "myapp-web",
            "arn": "arn:aws:ecr:us-west-2:123456789012:repository/myapp-web",
            "name": "myapp-web",
            "tags": { "Name": "myapp-web-ecr" }
          }
        }
      ]
    },
    {
      "mode": "managed",
      "type": "aws_lambda_function",
      "name": "image_processor",
      "provider": "provider[\"registry.terraform.io/hashicorp/aws\"]",
      "instances": [
        {
          "schema_version": 0,
          "attributes": {
            "id": "image-processor",
            "arn": "arn:aws:lambda:us-west-2:123456789012:function:image-processor",
            "function_name": "image-processor",
            "runtime": "python3.11",
            "handler": "handler.main",
            "memory_size": 512,
            "timeout": 60,
            "tags": { "Name": "image-processor" }
          }
        }
      ]
    },
    {
      "mode": "managed",
      "type": "aws_lambda_function",
      "name": "notification_sender",
      "provider": "provider[\"registry.terraform.io/hashicorp/aws\"]",
      "instances": [
        {
          "schema_version": 0,
          "attributes": {
            "id": "notification-sender",
            "arn": "arn:aws:lambda:us-west-2:123456789012:function:notification-sender",
            "function_name": "notification-sender",
            "runtime": "nodejs18.x",
            "handler": "index.handler",
            "memory_size": 256,
            "timeout": 30,
            "tags": { "Name": "notification-sender" }
          }
        }
      ]
    },
    {
      "mode": "managed",
      "type": "aws_db_instance",
      "name": "main",
      "provider": "provider[\"registry.terraform.io/hashicorp/aws\"]",
      "instances": [
        {
          "schema_version": 2,
          "attributes": {
            "id": "myapp-db",
            "arn": "arn:aws:rds:us-west-2:123456789012:db:myapp-db",
            "identifier": "myapp-db",
            "engine": "postgres",
            "engine_version": "15.4",
            "instance_class": "db.r6g.large",
            "allocated_storage": 100,
            "multi_az": true,
            "vpc_security_group_ids": ["sg-0db123"],
            "db_subnet_group_name": "myapp-db-subnet",
            "tags": { "Name": "myapp-postgres" }
          }
        }
      ]
    },
    {
      "mode": "managed",
      "type": "aws_dynamodb_table",
      "name": "sessions",
      "provider": "provider[\"registry.terraform.io/hashicorp/aws\"]",
      "instances": [
        {
          "schema_version": 1,
          "attributes": {
            "id": "myapp-sessions",
            "arn": "arn:aws:dynamodb:us-west-2:123456789012:table/myapp-sessions",
            "name": "myapp-sessions",
            "billing_mode": "PAY_PER_REQUEST",
            "hash_key": "session_id",
            "tags": { "Name": "myapp-sessions" }
          }
        }
      ]
    },
    {
      "mode": "managed",
      "type": "aws_elasticache_replication_group",
      "name": "main",
      "provider": "provider[\"registry.terraform.io/hashicorp/aws\"]",
      "instances": [
        {
          "schema_version": 1,
          "attributes": {
            "id": "myapp-redis",
            "arn": "arn:aws:elasticache:us-west-2:123456789012:replicationgroup:myapp-redis",
            "replication_group_id": "myapp-redis",
            "engine": "redis",
            "node_type": "cache.r6g.large",
            "num_cache_clusters": 2,
            "tags": { "Name": "myapp-redis" }
          }
        }
      ]
    },
    {
      "mode": "managed",
      "type": "aws_s3_bucket",
      "name": "static_assets",
      "provider": "provider[\"registry.terraform.io/hashicorp/aws\"]",
      "instances": [
        {
          "schema_version": 0,
          "attributes": {
            "id": "my-app-static-assets",
            "arn": "arn:aws:s3:::my-app-static-assets",
            "bucket": "my-app-static-assets",
            "tags": { "Name": "static-assets" }
          }
        }
      ]
    },
    {
      "mode": "managed",
      "type": "aws_s3_bucket",
      "name": "uploads",
      "provider": "provider[\"registry.terraform.io/hashicorp/aws\"]",
      "instances": [
        {
          "schema_version": 0,
          "attributes": {
            "id": "my-app-user-uploads",
            "arn": "arn:aws:s3:::my-app-user-uploads",
            "bucket": "my-app-user-uploads",
            "tags": { "Name": "user-uploads" }
          }
        }
      ]
    },
    {
      "mode": "managed",
      "type": "aws_sqs_queue",
      "name": "image_processing",
      "provider": "provider[\"registry.terraform.io/hashicorp/aws\"]",
      "instances": [
        {
          "schema_version": 0,
          "attributes": {
            "id": "https://sqs.us-west-2.amazonaws.com/123456789012/image-processing-queue",
            "arn": "arn:aws:sqs:us-west-2:123456789012:image-processing-queue",
            "name": "image-processing-queue",
            "visibility_timeout_seconds": 300,
            "tags": { "Name": "image-processing-queue" }
          }
        }
      ]
    },
    {
      "mode": "managed",
      "type": "aws_sns_topic",
      "name": "notifications",
      "provider": "provider[\"registry.terraform.io/hashicorp/aws\"]",
      "instances": [
        {
          "schema_version": 0,
          "attributes": {
            "id": "arn:aws:sns:us-west-2:123456789012:app-notifications",
            "arn": "arn:aws:sns:us-west-2:123456789012:app-notifications",
            "name": "app-notifications",
            "tags": { "Name": "app-notifications" }
          }
        }
      ]
    },
    {
      "mode": "managed",
      "type": "aws_cognito_user_pool",
      "name": "main",
      "provider": "provider[\"registry.terraform.io/hashicorp/aws\"]",
      "instances": [
        {
          "schema_version": 0,
          "attributes": {
            "id": "us-west-2_aBcDeF123",
            "arn": "arn:aws:cognito-idp:us-west-2:123456789012:userpool/us-west-2_aBcDeF123",
            "name": "myapp-users",
            "tags": { "Name": "myapp-user-pool" }
          }
        }
      ]
    },
    {
      "mode": "managed",
      "type": "aws_acm_certificate",
      "name": "main",
      "provider": "provider[\"registry.terraform.io/hashicorp/aws\"]",
      "instances": [
        {
          "schema_version": 0,
          "attributes": {
            "id": "arn:aws:acm:us-west-2:123456789012:certificate/abc-123-def-456",
            "arn": "arn:aws:acm:us-west-2:123456789012:certificate/abc-123-def-456",
            "domain_name": "myapp.example.com",
            "tags": { "Name": "myapp-cert" }
          }
        }
      ]
    },
    {
      "mode": "managed",
      "type": "aws_kms_key",
      "name": "main",
      "provider": "provider[\"registry.terraform.io/hashicorp/aws\"]",
      "instances": [
        {
          "schema_version": 0,
          "attributes": {
            "id": "abc123-def456-ghi789",
            "arn": "arn:aws:kms:us-west-2:123456789012:key/abc123-def456-ghi789",
            "description": "Encryption key for myapp",
            "tags": { "Name": "myapp-kms-key" }
          }
        }
      ]
    },
    {
      "mode": "managed",
      "type": "aws_secretsmanager_secret",
      "name": "db_credentials",
      "provider": "provider[\"registry.terraform.io/hashicorp/aws\"]",
      "instances": [
        {
          "schema_version": 0,
          "attributes": {
            "id": "arn:aws:secretsmanager:us-west-2:123456789012:secret:myapp/db-credentials-AbCdEf",
            "arn": "arn:aws:secretsmanager:us-west-2:123456789012:secret:myapp/db-credentials-AbCdEf",
            "name": "myapp/db-credentials",
            "tags": { "Name": "db-credentials" }
          }
        }
      ]
    },
    {
      "mode": "managed",
      "type": "aws_cloudwatch_log_group",
      "name": "ecs_web",
      "provider": "provider[\"registry.terraform.io/hashicorp/aws\"]",
      "instances": [
        {
          "schema_version": 0,
          "attributes": {
            "id": "/ecs/myapp-web",
            "arn": "arn:aws:logs:us-west-2:123456789012:log-group:/ecs/myapp-web",
            "name": "/ecs/myapp-web",
            "retention_in_days": 30,
            "tags": { "Name": "ecs-web-logs" }
          }
        }
      ]
    },
    {
      "mode": "managed",
      "type": "aws_cloudwatch_metric_alarm",
      "name": "cpu_high",
      "provider": "provider[\"registry.terraform.io/hashicorp/aws\"]",
      "instances": [
        {
          "schema_version": 1,
          "attributes": {
            "id": "myapp-cpu-high",
            "arn": "arn:aws:cloudwatch:us-west-2:123456789012:alarm:myapp-cpu-high",
            "alarm_name": "myapp-cpu-high",
            "comparison_operator": "GreaterThanThreshold",
            "threshold": 80,
            "tags": { "Name": "cpu-high-alarm" }
          }
        }
      ]
    },
    {
      "mode": "managed",
      "type": "aws_cloudtrail",
      "name": "main",
      "provider": "provider[\"registry.terraform.io/hashicorp/aws\"]",
      "instances": [
        {
          "schema_version": 0,
          "attributes": {
            "id": "myapp-trail",
            "arn": "arn:aws:cloudtrail:us-west-2:123456789012:trail/myapp-trail",
            "name": "myapp-trail",
            "is_multi_region_trail": true,
            "tags": { "Name": "myapp-cloudtrail" }
          }
        }
      ]
    },
    {
      "mode": "managed",
      "type": "aws_codepipeline",
      "name": "main",
      "provider": "provider[\"registry.terraform.io/hashicorp/aws\"]",
      "instances": [
        {
          "schema_version": 0,
          "attributes": {
            "id": "myapp-pipeline",
            "arn": "arn:aws:codepipeline:us-west-2:123456789012:myapp-pipeline",
            "name": "myapp-pipeline",
            "tags": { "Name": "myapp-pipeline" }
          }
        }
      ]
    },
    {
      "mode": "managed",
      "type": "aws_codebuild_project",
      "name": "build",
      "provider": "provider[\"registry.terraform.io/hashicorp/aws\"]",
      "instances": [
        {
          "schema_version": 0,
          "attributes": {
            "id": "myapp-build",
            "arn": "arn:aws:codebuild:us-west-2:123456789012:project/myapp-build",
            "name": "myapp-build",
            "tags": { "Name": "myapp-codebuild" }
          }
        }
      ]
    },
    {
      "mode": "managed",
      "type": "aws_security_group",
      "name": "alb",
      "provider": "provider[\"registry.terraform.io/hashicorp/aws\"]",
      "instances": [
        {
          "schema_version": 1,
          "attributes": {
            "id": "sg-0abc123",
            "arn": "arn:aws:ec2:us-west-2:123456789012:security-group/sg-0abc123",
            "name": "alb-sg",
            "vpc_id": "vpc-0abc123def456789",
            "tags": { "Name": "alb-security-group" }
          }
        }
      ]
    },
    {
      "mode": "managed",
      "type": "aws_iam_role",
      "name": "ecs_task_execution",
      "provider": "provider[\"registry.terraform.io/hashicorp/aws\"]",
      "instances": [
        {
          "schema_version": 0,
          "attributes": {
            "id": "myapp-ecs-task-execution-role",
            "arn": "arn:aws:iam::123456789012:role/myapp-ecs-task-execution-role",
            "name": "myapp-ecs-task-execution-role",
            "tags": { "Name": "ecs-task-execution-role" }
          }
        }
      ]
    },
    {
      "mode": "data",
      "type": "aws_caller_identity",
      "name": "current",
      "provider": "provider[\"registry.terraform.io/hashicorp/aws\"]",
      "instances": [
        {
          "schema_version": 0,
          "attributes": {
            "account_id": "123456789012"
          }
        }
      ]
    },
    {
      "mode": "data",
      "type": "aws_region",
      "name": "current",
      "provider": "provider[\"registry.terraform.io/hashicorp/aws\"]",
      "instances": [
        {
          "schema_version": 0,
          "attributes": {
            "name": "us-west-2"
          }
        }
      ]
    }
  ]
}
